
Microsoft Visual Studio Solution File, Format Version 12.00
# Visual Studio Version 16
VisualStudioVersion = 16.0.33328.57
MinimumVisualStudioVersion = 10.0.40219.1
Project("{FAE04EC0-301F-11D3-BF4B-00C04F79EFBC}") = "Names", "Names\Names.csproj", "{D0ECD2A8-773C-4C86-8E21-AA29EC952634}"
EndProject
Global
	GlobalSection(SolutionConfigurationPlatforms) = preSolution
		Debug|Any CPU = Debug|Any CPU
		Release|Any CPU = Release|Any CPU
	EndGlobalSection
	GlobalSection(ProjectConfigurationPlatforms) = postSolution
		{D0ECD2A8-773C-4C86-8E21-AA29EC952634}.Debug|Any CPU.ActiveCfg = Debug|Any CPU
		{D0ECD2A8-773C-4C86-8E21-AA29EC952634}.Debug|Any CPU.Build.0 = Debug|Any CPU
		{D0ECD2A8-773C-4C86-8E21-AA29EC952634}.Release|Any CPU.ActiveCfg = Release|Any CPU
		{D0ECD2A8-773C-4C86-8E21-AA29EC952634}.Release|Any CPU.Build.0 = Release|Any CPU
	EndGlobalSection
	GlobalSection(SolutionProperties) = preSolution
		HideSolutionNode = FALSE
	EndGlobalSection
	GlobalSection(ExtensibilityGlobals) = postSolution
		SolutionGuid = {B83773F3-7C5B-4A0B-AF49-C73693376D09}
	EndGlobalSection
EndGlobal
